
Microsoft Visual Studio Solution File, Format Version 12.00
# Visual Studio Version 17
VisualStudioVersion = 17.8.34309.116
MinimumVisualStudioVersion = 10.0.40219.1
Project("{FAE04EC0-301F-11D3-BF4B-00C04F79EFBC}") = "TaskManagement", "TaskManagement\TaskManagement.csproj", "{9B06234A-F776-4449-BE25-5D21491FC913}"
EndProject
Global
	GlobalSection(SolutionConfigurationPlatforms) = preSolution
		Debug|Any CPU = Debug|Any CPU
		Release|Any CPU = Release|Any CPU
	EndGlobalSection
	GlobalSection(ProjectConfigurationPlatforms) = postSolution
		{9B06234A-F776-4449-BE25-5D21491FC913}.Debug|Any CPU.ActiveCfg = Debug|Any CPU
		{9B06234A-F776-4449-BE25-5D21491FC913}.Debug|Any CPU.Build.0 = Debug|Any CPU
		{9B06234A-F776-4449-BE25-5D21491FC913}.Release|Any CPU.ActiveCfg = Release|Any CPU
		{9B06234A-F776-4449-BE25-5D21491FC913}.Release|Any CPU.Build.0 = Release|Any CPU
	EndGlobalSection
	GlobalSection(SolutionProperties) = preSolution
		HideSolutionNode = FALSE
	EndGlobalSection
	GlobalSection(ExtensibilityGlobals) = postSolution
		SolutionGuid = {0C7BD58E-1CC1-4F8E-BDA6-2BB7C7259EAA}
	EndGlobalSection
EndGlobal
